PODS:
  - crayola (0.0.1):
    - FlutterMacOS
  - FlutterMacOS (2.5)

DEPENDENCIES:
  - crayola (from `Flutter/ephemeral/.symlinks/plugins/crayola/macos`)

SPEC REPOS:
  trunk:
    - FlutterMacOS

EXTERNAL SOURCES:
  crayola:
    :path: Flutter/ephemeral/.symlinks/plugins/crayola/macos

SPEC CHECKSUMS:
  crayola: 24527d1859aa605e6d41c349db1c1a30d127f523
  FlutterMacOS: 078aecd6294d0b7bce11c6dcddcb3e7818567a04

PODFILE CHECKSUM: d8ba9b3e9e93c62c74a660b46c6fcb09f03991a7

COCOAPODS: 1.11.2
